// !$*UTF8*$!
{
	archiveVersion = 1;
	classes = {
	};
	objectVersion = 55;
	objects = {

/* Begin PBXBuildFile section */
		03035FAB295EC0CC00E40AEC /* VideoPlayerView.swift in Sources */ = {isa = PBXBuildFile; fileRef = 03035FAA295EC0CC00E40AEC /* VideoPlayerView.swift */; };
		03035FAC295EC0CC00E40AEC /* VideoPlayerView.swift in Sources */ = {isa = PBXBuildFile; fileRef = 03035FAA295EC0CC00E40AEC /* VideoPlayerView.swift */; };
		03035FAE295EC0DF00E40AEC /* VideoPlayer-ViewModel.swift in Sources */ = {isa = PBXBuildFile; fileRef = 03035FAD295EC0DF00E40AEC /* VideoPlayer-ViewModel.swift */; };
		03035FAF295EC0DF00E40AEC /* VideoPlayer-ViewModel.swift in Sources */ = {isa = PBXBuildFile; fileRef = 03035FAD295EC0DF00E40AEC /* VideoPlayer-ViewModel.swift */; };
		03F80ED729220BA60087E839 /* Tests_iOS.swift in Sources */ = {isa = PBXBuildFile; fileRef = 03F80ED629220BA60087E839 /* Tests_iOS.swift */; };
		03F80ED929220BA60087E839 /* Tests_iOSLaunchTests.swift in Sources */ = {isa = PBXBuildFile; fileRef = 03F80ED829220BA60087E839 /* Tests_iOSLaunchTests.swift */; };
		03F80EE329220BA60087E839 /* Tests_macOS.swift in Sources */ = {isa = PBXBuildFile; fileRef = 03F80EE229220BA60087E839 /* Tests_macOS.swift */; };
		03F80EE529220BA60087E839 /* Tests_macOSLaunchTests.swift in Sources */ = {isa = PBXBuildFile; fileRef = 03F80EE429220BA60087E839 /* Tests_macOSLaunchTests.swift */; };
		03F80EE629220BA60087E839 /* riseApp.swift in Sources */ = {isa = PBXBuildFile; fileRef = 03F80EBE29220BA50087E839 /* riseApp.swift */; };
		03F80EE729220BA60087E839 /* riseApp.swift in Sources */ = {isa = PBXBuildFile; fileRef = 03F80EBE29220BA50087E839 /* riseApp.swift */; };
		03F80EE829220BA60087E839 /* ContentView.swift in Sources */ = {isa = PBXBuildFile; fileRef = 03F80EBF29220BA50087E839 /* ContentView.swift */; };
		03F80EE929220BA60087E839 /* ContentView.swift in Sources */ = {isa = PBXBuildFile; fileRef = 03F80EBF29220BA50087E839 /* ContentView.swift */; };
		03F80EEA29220BA60087E839 /* Assets.xcassets in Resources */ = {isa = PBXBuildFile; fileRef = 03F80EC029220BA60087E839 /* Assets.xcassets */; };
		03F80EEB29220BA60087E839 /* Assets.xcassets in Resources */ = {isa = PBXBuildFile; fileRef = 03F80EC029220BA60087E839 /* Assets.xcassets */; };
		03F80EFE2922145A0087E839 /* ContentView-ViewModel.swift in Sources */ = {isa = PBXBuildFile; fileRef = 03F80EFD2922145A0087E839 /* ContentView-ViewModel.swift */; };
		03F80EFF2922145A0087E839 /* ContentView-ViewModel.swift in Sources */ = {isa = PBXBuildFile; fileRef = 03F80EFD2922145A0087E839 /* ContentView-ViewModel.swift */; };
		03F80F01292217700087E839 /* oceanSunset.mp4 in Resources */ = {isa = PBXBuildFile; fileRef = 03F80F00292217700087E839 /* oceanSunset.mp4 */; };
/* End PBXBuildFile section */

/* Begin PBXContainerItemProxy section */
		03F80ED329220BA60087E839 /* PBXContainerItemProxy */ = {
			isa = PBXContainerItemProxy;
			containerPortal = 03F80EB929220BA50087E839 /* Project object */;
			proxyType = 1;
			remoteGlobalIDString = 03F80EC429220BA60087E839;
			remoteInfo = "rise (iOS)";
		};
		03F80EDF29220BA60087E839 /* PBXContainerItemProxy */ = {
			isa = PBXContainerItemProxy;
			containerPortal = 03F80EB929220BA50087E839 /* Project object */;
			proxyType = 1;
			remoteGlobalIDString = 03F80ECA29220BA60087E839;
			remoteInfo = "rise (macOS)";
		};
/* End PBXContainerItemProxy section */

/* Begin PBXFileReference section */
		03035FAA295EC0CC00E40AEC /* VideoPlayerView.swift */ = {isa = PBXFileReference; lastKnownFileType = sourcecode.swift; path = VideoPlayerView.swift; sourceTree = "<group>"; };
		03035FAD295EC0DF00E40AEC /* VideoPlayer-ViewModel.swift */ = {isa = PBXFileReference; lastKnownFileType = sourcecode.swift; path = "VideoPlayer-ViewModel.swift"; sourceTree = "<group>"; };
		03F80EBE29220BA50087E839 /* riseApp.swift */ = {isa = PBXFileReference; lastKnownFileType = sourcecode.swift; path = riseApp.swift; sourceTree = "<group>"; };
		03F80EBF29220BA50087E839 /* ContentView.swift */ = {isa = PBXFileReference; lastKnownFileType = sourcecode.swift; path = ContentView.swift; sourceTree = "<group>"; };
		03F80EC029220BA60087E839 /* Assets.xcassets */ = {isa = PBXFileReference; lastKnownFileType = folder.assetcatalog; path = Assets.xcassets; sourceTree = "<group>"; };
		03F80EC529220BA60087E839 /* rise.app */ = {isa = PBXFileReference; explicitFileType = wrapper.application; includeInIndex = 0; path = rise.app; sourceTree = BUILT_PRODUCTS_DIR; };
		03F80ECB29220BA60087E839 /* rise.app */ = {isa = PBXFileReference; explicitFileType = wrapper.application; includeInIndex = 0; path = rise.app; sourceTree = BUILT_PRODUCTS_DIR; };
		03F80ECD29220BA60087E839 /* macOS.entitlements */ = {isa = PBXFileReference; lastKnownFileType = text.plist.entitlements; path = macOS.entitlements; sourceTree = "<group>"; };
		03F80ED229220BA60087E839 /* Tests iOS.xctest */ = {isa = PBXFileReference; explicitFileType = wrapper.cfbundle; includeInIndex = 0; path = "Tests iOS.xctest"; sourceTree = BUILT_PRODUCTS_DIR; };
		03F80ED629220BA60087E839 /* Tests_iOS.swift */ = {isa = PBXFileReference; lastKnownFileType = sourcecode.swift; path = Tests_iOS.swift; sourceTree = "<group>"; };
		03F80ED829220BA60087E839 /* Tests_iOSLaunchTests.swift */ = {isa = PBXFileReference; lastKnownFileType = sourcecode.swift; path = Tests_iOSLaunchTests.swift; sourceTree = "<group>"; };
		03F80EDE29220BA60087E839 /* Tests macOS.xctest */ = {isa = PBXFileReference; explicitFileType = wrapper.cfbundle; includeInIndex = 0; path = "Tests macOS.xctest"; sourceTree = BUILT_PRODUCTS_DIR; };
		03F80EE229220BA60087E839 /* Tests_macOS.swift */ = {isa = PBXFileReference; lastKnownFileType = sourcecode.swift; path = Tests_macOS.swift; sourceTree = "<group>"; };
		03F80EE429220BA60087E839 /* Tests_macOSLaunchTests.swift */ = {isa = PBXFileReference; lastKnownFileType = sourcecode.swift; path = Tests_macOSLaunchTests.swift; sourceTree = "<group>"; };
		03F80EFD2922145A0087E839 /* ContentView-ViewModel.swift */ = {isa = PBXFileReference; lastKnownFileType = sourcecode.swift; path = "ContentView-ViewModel.swift"; sourceTree = "<group>"; };
		03F80F00292217700087E839 /* oceanSunset.mp4 */ = {isa = PBXFileReference; lastKnownFileType = file; path = oceanSunset.mp4; sourceTree = "<group>"; };
/* End PBXFileReference section */

/* Begin PBXFrameworksBuildPhase section */
		03F80EC229220BA60087E839 /* Frameworks */ = {
			isa = PBXFrameworksBuildPhase;
			buildActionMask = 2147483647;
			files = (
			);
			runOnlyForDeploymentPostprocessing = 0;
		};
		03F80EC829220BA60087E839 /* Frameworks */ = {
			isa = PBXFrameworksBuildPhase;
			buildActionMask = 2147483647;
			files = (
			);
			runOnlyForDeploymentPostprocessing = 0;
		};
		03F80ECF29220BA60087E839 /* Frameworks */ = {
			isa = PBXFrameworksBuildPhase;
			buildActionMask = 2147483647;
			files = (
			);
			runOnlyForDeploymentPostprocessing = 0;
		};
		03F80EDB29220BA60087E839 /* Frameworks */ = {
			isa = PBXFrameworksBuildPhase;
			buildActionMask = 2147483647;
			files = (
			);
			runOnlyForDeploymentPostprocessing = 0;
		};
/* End PBXFrameworksBuildPhase section */

/* Begin PBXGroup section */
		03F80EB829220BA50087E839 = {
			isa = PBXGroup;
			children = (
				03F80F00292217700087E839 /* oceanSunset.mp4 */,
				03F80EBD29220BA50087E839 /* Shared */,
				03F80ECC29220BA60087E839 /* macOS */,
				03F80ED529220BA60087E839 /* Tests iOS */,
				03F80EE129220BA60087E839 /* Tests macOS */,
				03F80EC629220BA60087E839 /* Products */,
			);
			sourceTree = "<group>";
		};
		03F80EBD29220BA50087E839 /* Shared */ = {
			isa = PBXGroup;
			children = (
				03F80EC029220BA60087E839 /* Assets.xcassets */,
				03F80EBE29220BA50087E839 /* riseApp.swift */,
				03F80EBF29220BA50087E839 /* ContentView.swift */,
				03F80EFD2922145A0087E839 /* ContentView-ViewModel.swift */,
				03035FAA295EC0CC00E40AEC /* VideoPlayerView.swift */,
				03035FAD295EC0DF00E40AEC /* VideoPlayer-ViewModel.swift */,
			);
			path = Shared;
			sourceTree = "<group>";
		};
		03F80EC629220BA60087E839 /* Products */ = {
			isa = PBXGroup;
			children = (
				03F80EC529220BA60087E839 /* rise.app */,
				03F80ECB29220BA60087E839 /* rise.app */,
				03F80ED229220BA60087E839 /* Tests iOS.xctest */,
				03F80EDE29220BA60087E839 /* Tests macOS.xctest */,
			);
			name = Products;
			sourceTree = "<group>";
		};
		03F80ECC29220BA60087E839 /* macOS */ = {
			isa = PBXGroup;
			children = (
				03F80ECD29220BA60087E839 /* macOS.entitlements */,
			);
			path = macOS;
			sourceTree = "<group>";
		};
		03F80ED529220BA60087E839 /* Tests iOS */ = {
			isa = PBXGroup;
			children = (
				03F80ED629220BA60087E839 /* Tests_iOS.swift */,
				03F80ED829220BA60087E839 /* Tests_iOSLaunchTests.swift */,
			);
			path = "Tests iOS";
			sourceTree = "<group>";
		};
		03F80EE129220BA60087E839 /* Tests macOS */ = {
			isa = PBXGroup;
			children = (
				03F80EE229220BA60087E839 /* Tests_macOS.swift */,
				03F80EE429220BA60087E839 /* Tests_macOSLaunchTests.swift */,
			);
			path = "Tests macOS";
			sourceTree = "<group>";
		};
/* End PBXGroup section */

/* Begin PBXNativeTarget section */
		03F80EC429220BA60087E839 /* rise (iOS) */ = {
			isa = PBXNativeTarget;
			buildConfigurationList = 03F80EEE29220BA60087E839 /* Build configuration list for PBXNativeTarget "rise (iOS)" */;
			buildPhases = (
				03F80EC129220BA60087E839 /* Sources */,
				03F80EC229220BA60087E839 /* Frameworks */,
				03F80EC329220BA60087E839 /* Resources */,
			);
			buildRules = (
			);
			dependencies = (
			);
			name = "rise (iOS)";
			productName = "rise (iOS)";
			productReference = 03F80EC529220BA60087E839 /* rise.app */;
			productType = "com.apple.product-type.application";
		};
		03F80ECA29220BA60087E839 /* rise (macOS) */ = {
			isa = PBXNativeTarget;
			buildConfigurationList = 03F80EF129220BA60087E839 /* Build configuration list for PBXNativeTarget "rise (macOS)" */;
			buildPhases = (
				03F80EC729220BA60087E839 /* Sources */,
				03F80EC829220BA60087E839 /* Frameworks */,
				03F80EC929220BA60087E839 /* Resources */,
			);
			buildRules = (
			);
			dependencies = (
			);
			name = "rise (macOS)";
			productName = "rise (macOS)";
			productReference = 03F80ECB29220BA60087E839 /* rise.app */;
			productType = "com.apple.product-type.application";
		};
		03F80ED129220BA60087E839 /* Tests iOS */ = {
			isa = PBXNativeTarget;
			buildConfigurationList = 03F80EF429220BA60087E839 /* Build configuration list for PBXNativeTarget "Tests iOS" */;
			buildPhases = (
				03F80ECE29220BA60087E839 /* Sources */,
				03F80ECF29220BA60087E839 /* Frameworks */,
				03F80ED029220BA60087E839 /* Resources */,
			);
			buildRules = (
			);
			dependencies = (
				03F80ED429220BA60087E839 /* PBXTargetDependency */,
			);
			name = "Tests iOS";
			productName = "Tests iOS";
			productReference = 03F80ED229220BA60087E839 /* Tests iOS.xctest */;
			productType = "com.apple.product-type.bundle.ui-testing";
		};
		03F80EDD29220BA60087E839 /* Tests macOS */ = {
			isa = PBXNativeTarget;
			buildConfigurationList = 03F80EF729220BA60087E839 /* Build configuration list for PBXNativeTarget "Tests macOS" */;
			buildPhases = (
				03F80EDA29220BA60087E839 /* Sources */,
				03F80EDB29220BA60087E839 /* Frameworks */,
				03F80EDC29220BA60087E839 /* Resources */,
			);
			buildRules = (
			);
			dependencies = (
				03F80EE029220BA60087E839 /* PBXTargetDependency */,
			);
			name = "Tests macOS";
			productName = "Tests macOS";
			productReference = 03F80EDE29220BA60087E839 /* Tests macOS.xctest */;
			productType = "com.apple.product-type.bundle.ui-testing";
		};
/* End PBXNativeTarget section */

/* Begin PBXProject section */
		03F80EB929220BA50087E839 /* Project object */ = {
			isa = PBXProject;
			attributes = {
				BuildIndependentTargetsInParallel = 1;
				LastSwiftUpdateCheck = 1330;
				LastUpgradeCheck = 1330;
				TargetAttributes = {
					03F80EC429220BA60087E839 = {
						CreatedOnToolsVersion = 13.3.1;
					};
					03F80ECA29220BA60087E839 = {
						CreatedOnToolsVersion = 13.3.1;
					};
					03F80ED129220BA60087E839 = {
						CreatedOnToolsVersion = 13.3.1;
						TestTargetID = 03F80EC429220BA60087E839;
					};
					03F80EDD29220BA60087E839 = {
						CreatedOnToolsVersion = 13.3.1;
						TestTargetID = 03F80ECA29220BA60087E839;
					};
				};
			};
			buildConfigurationList = 03F80EBC29220BA50087E839 /* Build configuration list for PBXProject "rise" */;
			compatibilityVersion = "Xcode 13.0";
			developmentRegion = en;
			hasScannedForEncodings = 0;
			knownRegions = (
				en,
				Base,
			);
			mainGroup = 03F80EB829220BA50087E839;
			productRefGroup = 03F80EC629220BA60087E839 /* Products */;
			projectDirPath = "";
			projectRoot = "";
			targets = (
				03F80EC429220BA60087E839 /* rise (iOS) */,
				03F80ECA29220BA60087E839 /* rise (macOS) */,
				03F80ED129220BA60087E839 /* Tests iOS */,
				03F80EDD29220BA60087E839 /* Tests macOS */,
			);
		};
/* End PBXProject section */

/* Begin PBXResourcesBuildPhase section */
		03F80EC329220BA60087E839 /* Resources */ = {
			isa = PBXResourcesBuildPhase;
			buildActionMask = 2147483647;
			files = (
				03F80EEA29220BA60087E839 /* Assets.xcassets in Resources */,
				03F80F01292217700087E839 /* oceanSunset.mp4 in Resources */,
			);
			runOnlyForDeploymentPostprocessing = 0;
		};
		03F80EC929220BA60087E839 /* Resources */ = {
			isa = PBXResourcesBuildPhase;
			buildActionMask = 2147483647;
			files = (
				03F80EEB29220BA60087E839 /* Assets.xcassets in Resources */,
			);
			runOnlyForDeploymentPostprocessing = 0;
		};
		03F80ED029220BA60087E839 /* Resources */ = {
			isa = PBXResourcesBuildPhase;
			buildActionMask = 2147483647;
			files = (
			);
			runOnlyForDeploymentPostprocessing = 0;
		};
		03F80EDC29220BA60087E839 /* Resources */ = {
			isa = PBXResourcesBuildPhase;
			buildActionMask = 2147483647;
			files = (
			);
			runOnlyForDeploymentPostprocessing = 0;
		};
/* End PBXResourcesBuildPhase section */

/* Begin PBXSourcesBuildPhase section */
		03F80EC129220BA60087E839 /* Sources */ = {
			isa = PBXSourcesBuildPhase;
			buildActionMask = 2147483647;
			files = (
				03F80EE829220BA60087E839 /* ContentView.swift in Sources */,
				03035FAE295EC0DF00E40AEC /* VideoPlayer-ViewModel.swift in Sources */,
				03F80EFE2922145A0087E839 /* ContentView-ViewModel.swift in Sources */,
				03F80EE629220BA60087E839 /* riseApp.swift in Sources */,
				03035FAB295EC0CC00E40AEC /* VideoPlayerView.swift in Sources */,
			);
			runOnlyForDeploymentPostprocessing = 0;
		};
		03F80EC729220BA60087E839 /* Sources */ = {
			isa = PBXSourcesBuildPhase;
			buildActionMask = 2147483647;
			files = (
				03F80EE929220BA60087E839 /* ContentView.swift in Sources */,
				03035FAF295EC0DF00E40AEC /* VideoPlayer-ViewModel.swift in Sources */,
				03F80EFF2922145A0087E839 /* ContentView-ViewModel.swift in Sources */,
				03F80EE729220BA60087E839 /* riseApp.swift in Sources */,
				03035FAC295EC0CC00E40AEC /* VideoPlayerView.swift in Sources */,
			);
			runOnlyForDeploymentPostprocessing = 0;
		};
		03F80ECE29220BA60087E839 /* Sources */ = {
			isa = PBXSourcesBuildPhase;
			buildActionMask = 2147483647;
			files = (
				03F80ED929220BA60087E839 /* Tests_iOSLaunchTests.swift in Sources */,
				03F80ED729220BA60087E839 /* Tests_iOS.swift in Sources */,
			);
			runOnlyForDeploymentPostprocessing = 0;
		};
		03F80EDA29220BA60087E839 /* Sources */ = {
			isa = PBXSourcesBuildPhase;
			buildActionMask = 2147483647;
			files = (
				03F80EE529220BA60087E839 /* Tests_macOSLaunchTests.swift in Sources */,
				03F80EE329220BA60087E839 /* Tests_macOS.swift in Sources */,
			);
			runOnlyForDeploymentPostprocessing = 0;
		};
/* End PBXSourcesBuildPhase section */

/* Begin PBXTargetDependency section */
		03F80ED429220BA60087E839 /* PBXTargetDependency */ = {
			isa = PBXTargetDependency;
			target = 03F80EC429220BA60087E839 /* rise (iOS) */;
			targetProxy = 03F80ED329220BA60087E839 /* PBXContainerItemProxy */;
		};
		03F80EE029220BA60087E839 /* PBXTargetDependency */ = {
			isa = PBXTargetDependency;
			target = 03F80ECA29220BA60087E839 /* rise (macOS) */;
			targetProxy = 03F80EDF29220BA60087E839 /* PBXContainerItemProxy */;
		};
/* End PBXTargetDependency section */

/* Begin XCBuildConfiguration section */
		03F80EEC29220BA60087E839 /* Debug */ = {
			isa = XCBuildConfiguration;
			buildSettings = {
				ALWAYS_SEARCH_USER_PATHS = NO;
				CLANG_ANALYZER_NONNULL = YES;
				CLANG_ANALYZER_NUMBER_OBJECT_CONVERSION = YES_AGGRESSIVE;
				CLANG_CXX_LANGUAGE_STANDARD = "gnu++17";
				CLANG_ENABLE_MODULES = YES;
				CLANG_ENABLE_OBJC_ARC = YES;
				CLANG_ENABLE_OBJC_WEAK = YES;
				CLANG_WARN_BLOCK_CAPTURE_AUTORELEASING = YES;
				CLANG_WARN_BOOL_CONVERSION = YES;
				CLANG_WARN_COMMA = YES;
				CLANG_WARN_CONSTANT_CONVERSION = YES;
				CLANG_WARN_DEPRECATED_OBJC_IMPLEMENTATIONS = YES;
				CLANG_WARN_DIRECT_OBJC_ISA_USAGE = YES_ERROR;
				CLANG_WARN_DOCUMENTATION_COMMENTS = YES;
				CLANG_WARN_EMPTY_BODY = YES;
				CLANG_WARN_ENUM_CONVERSION = YES;
				CLANG_WARN_INFINITE_RECURSION = YES;
				CLANG_WARN_INT_CONVERSION = YES;
				CLANG_WARN_NON_LITERAL_NULL_CONVERSION = YES;
				CLANG_WARN_OBJC_IMPLICIT_RETAIN_SELF = YES;
				CLANG_WARN_OBJC_LITERAL_CONVERSION = YES;
				CLANG_WARN_OBJC_ROOT_CLASS = YES_ERROR;
				CLANG_WARN_QUOTED_INCLUDE_IN_FRAMEWORK_HEADER = YES;
				CLANG_WARN_RANGE_LOOP_ANALYSIS = YES;
				CLANG_WARN_STRICT_PROTOTYPES = YES;
				CLANG_WARN_SUSPICIOUS_MOVE = YES;
				CLANG_WARN_UNGUARDED_AVAILABILITY = YES_AGGRESSIVE;
				CLANG_WARN_UNREACHABLE_CODE = YES;
				CLANG_WARN__DUPLICATE_METHOD_MATCH = YES;
				COPY_PHASE_STRIP = NO;
				DEBUG_INFORMATION_FORMAT = dwarf;
				ENABLE_STRICT_OBJC_MSGSEND = YES;
				ENABLE_TESTABILITY = YES;
				GCC_C_LANGUAGE_STANDARD = gnu11;
				GCC_DYNAMIC_NO_PIC = NO;
				GCC_NO_COMMON_BLOCKS = YES;
				GCC_OPTIMIZATION_LEVEL = 0;
				GCC_PREPROCESSOR_DEFINITIONS = (
					"DEBUG=1",
					"$(inherited)",
				);
				GCC_WARN_64_TO_32_BIT_CONVERSION = YES;
				GCC_WARN_ABOUT_RETURN_TYPE = YES_ERROR;
				GCC_WARN_UNDECLARED_SELECTOR = YES;
				GCC_WARN_UNINITIALIZED_AUTOS = YES_AGGRESSIVE;
				GCC_WARN_UNUSED_FUNCTION = YES;
				GCC_WARN_UNUSED_VARIABLE = YES;
				MTL_ENABLE_DEBUG_INFO = INCLUDE_SOURCE;
				MTL_FAST_MATH = YES;
				ONLY_ACTIVE_ARCH = YES;
				SWIFT_ACTIVE_COMPILATION_CONDITIONS = DEBUG;
				SWIFT_OPTIMIZATION_LEVEL = "-Onone";
			};
			name = Debug;
		};
		03F80EED29220BA60087E839 /* Release */ = {
			isa = XCBuildConfiguration;
			buildSettings = {
				ALWAYS_SEARCH_USER_PATHS = NO;
				CLANG_ANALYZER_NONNULL = YES;
				CLANG_ANALYZER_NUMBER_OBJECT_CONVERSION = YES_AGGRESSIVE;
				CLANG_CXX_LANGUAGE_STANDARD = "gnu++17";
				CLANG_ENABLE_MODULES = YES;
				CLANG_ENABLE_OBJC_ARC = YES;
				CLANG_ENABLE_OBJC_WEAK = YES;
				CLANG_WARN_BLOCK_CAPTURE_AUTORELEASING = YES;
				CLANG_WARN_BOOL_CONVERSION = YES;
				CLANG_WARN_COMMA = YES;
				CLANG_WARN_CONSTANT_CONVERSION = YES;
				CLANG_WARN_DEPRECATED_OBJC_IMPLEMENTATIONS = YES;
				CLANG_WARN_DIRECT_OBJC_ISA_USAGE = YES_ERROR;
				CLANG_WARN_DOCUMENTATION_COMMENTS = YES;
				CLANG_WARN_EMPTY_BODY = YES;
				CLANG_WARN_ENUM_CONVERSION = YES;
				CLANG_WARN_INFINITE_RECURSION = YES;
				CLANG_WARN_INT_CONVERSION = YES;
				CLANG_WARN_NON_LITERAL_NULL_CONVERSION = YES;
				CLANG_WARN_OBJC_IMPLICIT_RETAIN_SELF = YES;
				CLANG_WARN_OBJC_LITERAL_CONVERSION = YES;
				CLANG_WARN_OBJC_ROOT_CLASS = YES_ERROR;
				CLANG_WARN_QUOTED_INCLUDE_IN_FRAMEWORK_HEADER = YES;
				CLANG_WARN_RANGE_LOOP_ANALYSIS = YES;
				CLANG_WARN_STRICT_PROTOTYPES = YES;
				CLANG_WARN_SUSPICIOUS_MOVE = YES;
				CLANG_WARN_UNGUARDED_AVAILABILITY = YES_AGGRESSIVE;
				CLANG_WARN_UNREACHABLE_CODE = YES;
				CLANG_WARN__DUPLICATE_METHOD_MATCH = YES;
				COPY_PHASE_STRIP = NO;
				DEBUG_INFORMATION_FORMAT = "dwarf-with-dsym";
				ENABLE_NS_ASSERTIONS = NO;
				ENABLE_STRICT_OBJC_MSGSEND = YES;
				GCC_C_LANGUAGE_STANDARD = gnu11;
				GCC_NO_COMMON_BLOCKS = YES;
				GCC_WARN_64_TO_32_BIT_CONVERSION = YES;
				GCC_WARN_ABOUT_RETURN_TYPE = YES_ERROR;
				GCC_WARN_UNDECLARED_SELECTOR = YES;
				GCC_WARN_UNINITIALIZED_AUTOS = YES_AGGRESSIVE;
				GCC_WARN_UNUSED_FUNCTION = YES;
				GCC_WARN_UNUSED_VARIABLE = YES;
				MTL_ENABLE_DEBUG_INFO = NO;
				MTL_FAST_MATH = YES;
				SWIFT_COMPILATION_MODE = wholemodule;
				SWIFT_OPTIMIZATION_LEVEL = "-O";
			};
			name = Release;
		};
		03F80EEF29220BA60087E839 /* Debug */ = {
			isa = XCBuildConfiguration;
			buildSettings = {
				ASSETCATALOG_COMPILER_APPICON_NAME = AppIcon;
				ASSETCATALOG_COMPILER_GLOBAL_ACCENT_COLOR_NAME = AccentColor;
				CODE_SIGN_STYLE = Automatic;
				CURRENT_PROJECT_VERSION = 1;
				DEVELOPMENT_TEAM = 827M2VKXC6;
				ENABLE_PREVIEWS = YES;
				GENERATE_INFOPLIST_FILE = YES;
				INFOPLIST_KEY_UIApplicationSceneManifest_Generation = YES;
				INFOPLIST_KEY_UIApplicationSupportsIndirectInputEvents = YES;
				INFOPLIST_KEY_UILaunchScreen_Generation = YES;
				INFOPLIST_KEY_UISupportedInterfaceOrientations_iPad = "UIInterfaceOrientationPortrait UIInterfaceOrientationPortraitUpsideDown UIInterfaceOrientationLandscapeLeft UIInterfaceOrientationLandscapeRight";
				INFOPLIST_KEY_UISupportedInterfaceOrientations_iPhone = "UIInterfaceOrientationPortrait UIInterfaceOrientationLandscapeLeft UIInterfaceOrientationLandscapeRight";
				IPHONEOS_DEPLOYMENT_TARGET = 15.4;
				LD_RUNPATH_SEARCH_PATHS = (
					"$(inherited)",
					"@executable_path/Frameworks",
				);
				MARKETING_VERSION = 1.0;
				PRODUCT_BUNDLE_IDENTIFIER = "--.rise";
				PRODUCT_NAME = rise;
				SDKROOT = iphoneos;
				SWIFT_EMIT_LOC_STRINGS = YES;
				SWIFT_VERSION = 5.0;
				TARGETED_DEVICE_FAMILY = "1,2";
			};
			name = Debug;
		};
		03F80EF029220BA60087E839 /* Release */ = {
			isa = XCBuildConfiguration;
			buildSettings = {
				ASSETCATALOG_COMPILER_APPICON_NAME = AppIcon;
				ASSETCATALOG_COMPILER_GLOBAL_ACCENT_COLOR_NAME = AccentColor;
				CODE_SIGN_STYLE = Automatic;
				CURRENT_PROJECT_VERSION = 1;
				DEVELOPMENT_TEAM = 827M2VKXC6;
				ENABLE_PREVIEWS = YES;
				GENERATE_INFOPLIST_FILE = YES;
				INFOPLIST_KEY_UIApplicationSceneManifest_Generation = YES;
				INFOPLIST_KEY_UIApplicationSupportsIndirectInputEvents = YES;
				INFOPLIST_KEY_UILaunchScreen_Generation = YES;
				INFOPLIST_KEY_UISupportedInterfaceOrientations_iPad = "UIInterfaceOrientationPortrait UIInterfaceOrientationPortraitUpsideDown UIInterfaceOrientationLandscapeLeft UIInterfaceOrientationLandscapeRight";
				INFOPLIST_KEY_UISupportedInterfaceOrientations_iPhone = "UIInterfaceOrientationPortrait UIInterfaceOrientationLandscapeLeft UIInterfaceOrientationLandscapeRight";
				IPHONEOS_DEPLOYMENT_TARGET = 15.4;
				LD_RUNPATH_SEARCH_PATHS = (
					"$(inherited)",
					"@executable_path/Frameworks",
				);
				MARKETING_VERSION = 1.0;
				PRODUCT_BUNDLE_IDENTIFIER = "--.rise";
				PRODUCT_NAME = rise;
				SDKROOT = iphoneos;
				SWIFT_EMIT_LOC_STRINGS = YES;
				SWIFT_VERSION = 5.0;
				TARGETED_DEVICE_FAMILY = "1,2";
				VALIDATE_PRODUCT = YES;
			};
			name = Release;
		};
		03F80EF229220BA60087E839 /* Debug */ = {
			isa = XCBuildConfiguration;
			buildSettings = {
				ASSETCATALOG_COMPILER_APPICON_NAME = AppIcon;
				ASSETCATALOG_COMPILER_GLOBAL_ACCENT_COLOR_NAME = AccentColor;
				CODE_SIGN_ENTITLEMENTS = macOS/macOS.entitlements;
				CODE_SIGN_STYLE = Automatic;
				COMBINE_HIDPI_IMAGES = YES;
				CURRENT_PROJECT_VERSION = 1;
				DEVELOPMENT_TEAM = 827M2VKXC6;
				ENABLE_HARDENED_RUNTIME = YES;
				ENABLE_PREVIEWS = YES;
				GENERATE_INFOPLIST_FILE = YES;
				INFOPLIST_KEY_NSHumanReadableCopyright = "";
				LD_RUNPATH_SEARCH_PATHS = (
					"$(inherited)",
					"@executable_path/../Frameworks",
				);
				MACOSX_DEPLOYMENT_TARGET = 12.0;
				MARKETING_VERSION = 1.0;
				PRODUCT_BUNDLE_IDENTIFIER = "--.rise";
				PRODUCT_NAME = rise;
				SDKROOT = macosx;
				SWIFT_EMIT_LOC_STRINGS = YES;
				SWIFT_VERSION = 5.0;
			};
			name = Debug;
		};
		03F80EF329220BA60087E839 /* Release */ = {
			isa = XCBuildConfiguration;
			buildSettings = {
				ASSETCATALOG_COMPILER_APPICON_NAME = AppIcon;
				ASSETCATALOG_COMPILER_GLOBAL_ACCENT_COLOR_NAME = AccentColor;
				CODE_SIGN_ENTITLEMENTS = macOS/macOS.entitlements;
				CODE_SIGN_STYLE = Automatic;
				COMBINE_HIDPI_IMAGES = YES;
				CURRENT_PROJECT_VERSION = 1;
				DEVELOPMENT_TEAM = 827M2VKXC6;
				ENABLE_HARDENED_RUNTIME = YES;
				ENABLE_PREVIEWS = YES;
				GENERATE_INFOPLIST_FILE = YES;
				INFOPLIST_KEY_NSHumanReadableCopyright = "";
				LD_RUNPATH_SEARCH_PATHS = (
					"$(inherited)",
					"@executable_path/../Frameworks",
				);
				MACOSX_DEPLOYMENT_TARGET = 12.0;
				MARKETING_VERSION = 1.0;
				PRODUCT_BUNDLE_IDENTIFIER = "--.rise";
				PRODUCT_NAME = rise;
				SDKROOT = macosx;
				SWIFT_EMIT_LOC_STRINGS = YES;
				SWIFT_VERSION = 5.0;
			};
			name = Release;
		};
		03F80EF529220BA60087E839 /* Debug */ = {
			isa = XCBuildConfiguration;
			buildSettings = {
				ALWAYS_EMBED_SWIFT_STANDARD_LIBRARIES = YES;
				CODE_SIGN_STYLE = Automatic;
				CURRENT_PROJECT_VERSION = 1;
				DEVELOPMENT_TEAM = 827M2VKXC6;
				GENERATE_INFOPLIST_FILE = YES;
				IPHONEOS_DEPLOYMENT_TARGET = 15.4;
				MARKETING_VERSION = 1.0;
				PRODUCT_BUNDLE_IDENTIFIER = "--.Tests-iOS";
				PRODUCT_NAME = "$(TARGET_NAME)";
				SDKROOT = iphoneos;
				SWIFT_EMIT_LOC_STRINGS = NO;
				SWIFT_VERSION = 5.0;
				TARGETED_DEVICE_FAMILY = "1,2";
				TEST_TARGET_NAME = "rise (iOS)";
			};
			name = Debug;
		};
		03F80EF629220BA60087E839 /* Release */ = {
			isa = XCBuildConfiguration;
			buildSettings = {
				ALWAYS_EMBED_SWIFT_STANDARD_LIBRARIES = YES;
				CODE_SIGN_STYLE = Automatic;
				CURRENT_PROJECT_VERSION = 1;
				DEVELOPMENT_TEAM = 827M2VKXC6;
				GENERATE_INFOPLIST_FILE = YES;
				IPHONEOS_DEPLOYMENT_TARGET = 15.4;
				MARKETING_VERSION = 1.0;
				PRODUCT_BUNDLE_IDENTIFIER = "--.Tests-iOS";
				PRODUCT_NAME = "$(TARGET_NAME)";
				SDKROOT = iphoneos;
				SWIFT_EMIT_LOC_STRINGS = NO;
				SWIFT_VERSION = 5.0;
				TARGETED_DEVICE_FAMILY = "1,2";
				TEST_TARGET_NAME = "rise (iOS)";
				VALIDATE_PRODUCT = YES;
			};
			name = Release;
		};
		03F80EF829220BA60087E839 /* Debug */ = {
			isa = XCBuildConfiguration;
			buildSettings = {
				ALWAYS_EMBED_SWIFT_STANDARD_LIBRARIES = YES;
				CODE_SIGN_STYLE = Automatic;
				CURRENT_PROJECT_VERSION = 1;
				DEVELOPMENT_TEAM = 827M2VKXC6;
				GENERATE_INFOPLIST_FILE = YES;
				MACOSX_DEPLOYMENT_TARGET = 12.0;
				MARKETING_VERSION = 1.0;
				PRODUCT_BUNDLE_IDENTIFIER = "--.Tests-macOS";
				PRODUCT_NAME = "$(TARGET_NAME)";
				SDKROOT = macosx;
				SWIFT_EMIT_LOC_STRINGS = NO;
				SWIFT_VERSION = 5.0;
				TEST_TARGET_NAME = "rise (macOS)";
			};
			name = Debug;
		};
		03F80EF929220BA60087E839 /* Release */ = {
			isa = XCBuildConfiguration;
			buildSettings = {
				ALWAYS_EMBED_SWIFT_STANDARD_LIBRARIES = YES;
				CODE_SIGN_STYLE = Automatic;
				CURRENT_PROJECT_VERSION = 1;
				DEVELOPMENT_TEAM = 827M2VKXC6;
				GENERATE_INFOPLIST_FILE = YES;
				MACOSX_DEPLOYMENT_TARGET = 12.0;
				MARKETING_VERSION = 1.0;
				PRODUCT_BUNDLE_IDENTIFIER = "--.Tests-macOS";
				PRODUCT_NAME = "$(TARGET_NAME)";
				SDKROOT = macosx;
				SWIFT_EMIT_LOC_STRINGS = NO;
				SWIFT_VERSION = 5.0;
				TEST_TARGET_NAME = "rise (macOS)";
			};
			name = Release;
		};
/* End XCBuildConfiguration section */

/* Begin XCConfigurationList section */
		03F80EBC29220BA50087E839 /* Build configuration list for PBXProject "rise" */ = {
			isa = XCConfigurationList;
			buildConfigurations = (
				03F80EEC29220BA60087E839 /* Debug */,
				03F80EED29220BA60087E839 /* Release */,
			);
			defaultConfigurationIsVisible = 0;
			defaultConfigurationName = Release;
		};
		03F80EEE29220BA60087E839 /* Build configuration list for PBXNativeTarget "rise (iOS)" */ = {
			isa = XCConfigurationList;
			buildConfigurations = (
				03F80EEF29220BA60087E839 /* Debug */,
				03F80EF029220BA60087E839 /* Release */,
			);
			defaultConfigurationIsVisible = 0;
			defaultConfigurationName = Release;
		};
		03F80EF129220BA60087E839 /* Build configuration list for PBXNativeTarget "rise (macOS)" */ = {
			isa = XCConfigurationList;
			buildConfigurations = (
				03F80EF229220BA60087E839 /* Debug */,
				03F80EF329220BA60087E839 /* Release */,
			);
			defaultConfigurationIsVisible = 0;
			defaultConfigurationName = Release;
		};
		03F80EF429220BA60087E839 /* Build configuration list for PBXNativeTarget "Tests iOS" */ = {
			isa = XCConfigurationList;
			buildConfigurations = (
				03F80EF529220BA60087E839 /* Debug */,
				03F80EF629220BA60087E839 /* Release */,
			);
			defaultConfigurationIsVisible = 0;
			defaultConfigurationName = Release;
		};
		03F80EF729220BA60087E839 /* Build configuration list for PBXNativeTarget "Tests macOS" */ = {
			isa = XCConfigurationList;
			buildConfigurations = (
				03F80EF829220BA60087E839 /* Debug */,
				03F80EF929220BA60087E839 /* Release */,
			);
			defaultConfigurationIsVisible = 0;
			defaultConfigurationName = Release;
		};
/* End XCConfigurationList section */
	};
	rootObject = 03F80EB929220BA50087E839 /* Project object */;
}
